
Microsoft Visual Studio Solution File, Format Version 12.00
# Visual Studio Version 16
VisualStudioVersion = 16.0.30320.27
MinimumVisualStudioVersion = 10.0.40219.1
Project("{9A19103F-16F7-4668-BE54-9A1E7A4F7556}") = "Fleet.API", "Fleet.API\Fleet.API.csproj", "{FD6D67CE-55E6-4EC8-8FA6-07275F6B23AF}"
EndProject
Project("{9A19103F-16F7-4668-BE54-9A1E7A4F7556}") = "Fleet.Handlers", "Fleet.Service\Fleet.Handlers.csproj", "{C49116B6-B8A8-4989-9725-35B16FB4142F}"
EndProject
Project("{9A19103F-16F7-4668-BE54-9A1E7A4F7556}") = "Fleet.Domain", "Fleet.Domain\Fleet.Domain.csproj", "{884E2065-33F2-451D-8BA0-90ADB0583557}"
EndProject
Project("{9A19103F-16F7-4668-BE54-9A1E7A4F7556}") = "Fleet.Data.IMemoryCache", "Data.IMemoryCache\Fleet.Data.IMemoryCache.csproj", "{536C112A-600B-4757-838F-ED3B26414CA5}"
EndProject
Project("{2150E333-8FDC-42A3-9474-1A3956D46DE8}") = "0.Api", "0.Api", "{AC57536D-20BC-488A-8A5A-D2E86FF8A6C1}"
EndProject
Project("{2150E333-8FDC-42A3-9474-1A3956D46DE8}") = "1.Domain", "1.Domain", "{3EB80990-756B-41D8-9965-879EFE4FA337}"
EndProject
Project("{2150E333-8FDC-42A3-9474-1A3956D46DE8}") = "2.Data", "2.Data", "{BC78801D-90B7-4920-80C6-51FC9F3F0A04}"
EndProject
Project("{2150E333-8FDC-42A3-9474-1A3956D46DE8}") = "3.Tests", "3.Tests", "{3D58FEAC-0AB8-4D89-AF0B-5F435DBD7A44}"
EndProject
Project("{FAE04EC0-301F-11D3-BF4B-00C04F79EFBC}") = "Fleet.Tests", "Fleet.Tests\Fleet.Tests.csproj", "{4E72B34C-DFC0-4F9E-9824-C779CB8199A4}"
EndProject
Global
	GlobalSection(SolutionConfigurationPlatforms) = preSolution
		Debug|Any CPU = Debug|Any CPU
		Release|Any CPU = Release|Any CPU
	EndGlobalSection
	GlobalSection(ProjectConfigurationPlatforms) = postSolution
		{FD6D67CE-55E6-4EC8-8FA6-07275F6B23AF}.Debug|Any CPU.ActiveCfg = Debug|Any CPU
		{FD6D67CE-55E6-4EC8-8FA6-07275F6B23AF}.Debug|Any CPU.Build.0 = Debug|Any CPU
		{FD6D67CE-55E6-4EC8-8FA6-07275F6B23AF}.Release|Any CPU.ActiveCfg = Release|Any CPU
		{FD6D67CE-55E6-4EC8-8FA6-07275F6B23AF}.Release|Any CPU.Build.0 = Release|Any CPU
		{C49116B6-B8A8-4989-9725-35B16FB4142F}.Debug|Any CPU.ActiveCfg = Debug|Any CPU
		{C49116B6-B8A8-4989-9725-35B16FB4142F}.Debug|Any CPU.Build.0 = Debug|Any CPU
		{C49116B6-B8A8-4989-9725-35B16FB4142F}.Release|Any CPU.ActiveCfg = Release|Any CPU
		{C49116B6-B8A8-4989-9725-35B16FB4142F}.Release|Any CPU.Build.0 = Release|Any CPU
		{884E2065-33F2-451D-8BA0-90ADB0583557}.Debug|Any CPU.ActiveCfg = Debug|Any CPU
		{884E2065-33F2-451D-8BA0-90ADB0583557}.Debug|Any CPU.Build.0 = Debug|Any CPU
		{884E2065-33F2-451D-8BA0-90ADB0583557}.Release|Any CPU.ActiveCfg = Release|Any CPU
		{884E2065-33F2-451D-8BA0-90ADB0583557}.Release|Any CPU.Build.0 = Release|Any CPU
		{536C112A-600B-4757-838F-ED3B26414CA5}.Debug|Any CPU.ActiveCfg = Debug|Any CPU
		{536C112A-600B-4757-838F-ED3B26414CA5}.Debug|Any CPU.Build.0 = Debug|Any CPU
		{536C112A-600B-4757-838F-ED3B26414CA5}.Release|Any CPU.ActiveCfg = Release|Any CPU
		{536C112A-600B-4757-838F-ED3B26414CA5}.Release|Any CPU.Build.0 = Release|Any CPU
		{4E72B34C-DFC0-4F9E-9824-C779CB8199A4}.Debug|Any CPU.ActiveCfg = Debug|Any CPU
		{4E72B34C-DFC0-4F9E-9824-C779CB8199A4}.Debug|Any CPU.Build.0 = Debug|Any CPU
		{4E72B34C-DFC0-4F9E-9824-C779CB8199A4}.Release|Any CPU.ActiveCfg = Release|Any CPU
		{4E72B34C-DFC0-4F9E-9824-C779CB8199A4}.Release|Any CPU.Build.0 = Release|Any CPU
	EndGlobalSection
	GlobalSection(SolutionProperties) = preSolution
		HideSolutionNode = FALSE
	EndGlobalSection
	GlobalSection(NestedProjects) = preSolution
		{FD6D67CE-55E6-4EC8-8FA6-07275F6B23AF} = {AC57536D-20BC-488A-8A5A-D2E86FF8A6C1}
		{C49116B6-B8A8-4989-9725-35B16FB4142F} = {3EB80990-756B-41D8-9965-879EFE4FA337}
		{884E2065-33F2-451D-8BA0-90ADB0583557} = {3EB80990-756B-41D8-9965-879EFE4FA337}
		{536C112A-600B-4757-838F-ED3B26414CA5} = {BC78801D-90B7-4920-80C6-51FC9F3F0A04}
		{4E72B34C-DFC0-4F9E-9824-C779CB8199A4} = {3D58FEAC-0AB8-4D89-AF0B-5F435DBD7A44}
	EndGlobalSection
	GlobalSection(ExtensibilityGlobals) = postSolution
		SolutionGuid = {1D8BDD04-36AF-4E9E-8F32-6D6647B320CC}
	EndGlobalSection
EndGlobal
